Microsoft Visual Studio Solution File, Format Version 12.00
# Visual Studio Version 17
VisualStudioVersion = 17.5.2.0
MinimumVisualStudioVersion = 10.0.40219.1
Project("{FAE04EC0-301F-11D3-BF4B-00C04F79EFBC}") = "NumerosRepetidos", "NumerosRepetidos.csproj", "{736626AA-7DCA-F79F-D034-6E1CA43149BE}"
EndProject
Global
	GlobalSection(SolutionConfigurationPlatforms) = preSolution
		Debug|Any CPU = Debug|Any CPU
		Release|Any CPU = Release|Any CPU
	EndGlobalSection
	GlobalSection(ProjectConfigurationPlatforms) = postSolution
		{736626AA-7DCA-F79F-D034-6E1CA43149BE}.Debug|Any CPU.ActiveCfg = Debug|Any CPU
		{736626AA-7DCA-F79F-D034-6E1CA43149BE}.Debug|Any CPU.Build.0 = Debug|Any CPU
		{736626AA-7DCA-F79F-D034-6E1CA43149BE}.Release|Any CPU.ActiveCfg = Release|Any CPU
		{736626AA-7DCA-F79F-D034-6E1CA43149BE}.Release|Any CPU.Build.0 = Release|Any CPU
	EndGlobalSection
	GlobalSection(SolutionProperties) = preSolution
		HideSolutionNode = FALSE
	EndGlobalSection
	GlobalSection(ExtensibilityGlobals) = postSolution
		SolutionGuid = {B7DDA419-E7ED-4DA3-87D9-43F113382611}
	EndGlobalSection
EndGlobal
