Microsoft Visual Studio Solution File, Format Version 12.00
# Visual Studio Version 17
VisualStudioVersion = 17.5.2.0
MinimumVisualStudioVersion = 10.0.40219.1
Project("{FAE04EC0-301F-11D3-BF4B-00C04F79EFBC}") = "anagramas", "anagramas.csproj", "{7E71B24E-C71F-1000-2E84-4F1CB6EFF68E}"
EndProject
Global
	GlobalSection(SolutionConfigurationPlatforms) = preSolution
		Debug|Any CPU = Debug|Any CPU
		Release|Any CPU = Release|Any CPU
	EndGlobalSection
	GlobalSection(ProjectConfigurationPlatforms) = postSolution
		{7E71B24E-C71F-1000-2E84-4F1CB6EFF68E}.Debug|Any CPU.ActiveCfg = Debug|Any CPU
		{7E71B24E-C71F-1000-2E84-4F1CB6EFF68E}.Debug|Any CPU.Build.0 = Debug|Any CPU
		{7E71B24E-C71F-1000-2E84-4F1CB6EFF68E}.Release|Any CPU.ActiveCfg = Release|Any CPU
		{7E71B24E-C71F-1000-2E84-4F1CB6EFF68E}.Release|Any CPU.Build.0 = Release|Any CPU
	EndGlobalSection
	GlobalSection(SolutionProperties) = preSolution
		HideSolutionNode = FALSE
	EndGlobalSection
	GlobalSection(ExtensibilityGlobals) = postSolution
		SolutionGuid = {06ED792F-367B-4969-8FCA-84C78466A426}
	EndGlobalSection
EndGlobal
